
Microsoft Visual Studio Solution File, Format Version 12.00
# Visual Studio Version 17
VisualStudioVersion = 17.2.32505.173
MinimumVisualStudioVersion = 10.0.40219.1
Project("{2150E333-8FDC-42A3-9474-1A3956D46DE8}") = "2.Core", "2.Core", "{FE8E4848-826E-4FB1-AEB3-B786A85AE21D}"
EndProject
Project("{9A19103F-16F7-4668-BE54-9A1E7A4F7556}") = "BreadApp.Application", "src\lib\BreadApp.Application\BreadApp.Application.csproj", "{E3989B86-7DA6-4349-AE02-DB489F2DF387}"
EndProject
Project("{9A19103F-16F7-4668-BE54-9A1E7A4F7556}") = "BreadApp.Domain", "src\lib\BreadApp.Domain\BreadApp.Domain.csproj", "{454D9BE9-2F34-4269-B80E-FD275AB28566}"
EndProject
Project("{9A19103F-16F7-4668-BE54-9A1E7A4F7556}") = "BreadApp.Infrastructure", "src\lib\BreadApp.Infrastructure\BreadApp.Infrastructure.csproj", "{8F3E067C-C13D-447E-8FD4-F515C90A8D31}"
EndProject
Project("{2150E333-8FDC-42A3-9474-1A3956D46DE8}") = "0.Solution Items", "0.Solution Items", "{317FAAD9-F8C6-4B7D-B1A8-803D8C6114C1}"
	ProjectSection(SolutionItems) = preProject
		.gitignore = .gitignore
		README.md = README.md
	EndProjectSection
EndProject
Project("{2150E333-8FDC-42A3-9474-1A3956D46DE8}") = "1.Tests", "1.Tests", "{BD171CBE-C465-4F57-B6B1-8636B6A78E35}"
EndProject
Project("{9A19103F-16F7-4668-BE54-9A1E7A4F7556}") = "DomainTests", "tests\DomainTests\DomainTests.csproj", "{63771181-C408-4832-A888-D8CEA9933F4D}"
EndProject
Project("{9A19103F-16F7-4668-BE54-9A1E7A4F7556}") = "ArchitecturalTests", "tests\ArchitecturalTests\ArchitecturalTests.csproj", "{E62BBF1D-568C-46E1-82E4-C98E4EE70F56}"
EndProject
Project("{2150E333-8FDC-42A3-9474-1A3956D46DE8}") = "3.Applications", "3.Applications", "{F8AAD861-F44E-4D4A-B884-A5CC19E24CAD}"
EndProject
Project("{2150E333-8FDC-42A3-9474-1A3956D46DE8}") = "Postman", "Postman", "{11A5E280-B07B-4675-A1EB-E91590D0565E}"
	ProjectSection(SolutionItems) = preProject
		tests\Postman\BreadApp.postman_collection.json = tests\Postman\BreadApp.postman_collection.json
	EndProjectSection
EndProject
Project("{2150E333-8FDC-42A3-9474-1A3956D46DE8}") = "Backend", "Backend", "{B2D422DB-5AFB-43DC-82E3-B134EC9EEB71}"
EndProject
Project("{2150E333-8FDC-42A3-9474-1A3956D46DE8}") = "Frontend", "Frontend", "{E8186002-81A6-4183-A9C4-E9BDDCB5DAB6}"
EndProject
Project("{9A19103F-16F7-4668-BE54-9A1E7A4F7556}") = "BreadApp.Api", "src\backend\BreadApp.Api\BreadApp.Api.csproj", "{709D348A-9D12-4F04-848F-5E68F6ECBC70}"
EndProject
Project("{9A19103F-16F7-4668-BE54-9A1E7A4F7556}") = "BreadApp.Api.Contracts", "src\backend\BreadApp.Api.Contracts\BreadApp.Api.Contracts.csproj", "{D9CC7277-8826-4D4F-A20F-37E76687608F}"
EndProject
Project("{9A19103F-16F7-4668-BE54-9A1E7A4F7556}") = "BreadApp.Api-MinimalStyle", "src\backend\BreadApp.Api-MinimalStyle\BreadApp.Api-MinimalStyle.csproj", "{FB24540E-9A26-44C6-BCA3-8873D32B1D75}"
EndProject
Project("{9A19103F-16F7-4668-BE54-9A1E7A4F7556}") = "ApplicationTests", "tests\ApplicationTests\ApplicationTests.csproj", "{7A2CF034-F894-40D7-80DB-E51E60958623}"
EndProject
Project("{9A19103F-16F7-4668-BE54-9A1E7A4F7556}") = "BreadApp.Azure.Function.SendMail", "src\backend\BreadApp.Azure.Function.SendMail\BreadApp.Azure.Function.SendMail.csproj", "{E3B905E3-976D-49A4-9D5A-029CB54855E2}"
EndProject
Project("{2150E333-8FDC-42A3-9474-1A3956D46DE8}") = "terraform", "terraform", "{C43F7BA5-15F8-4918-B9C6-689EDDD65A01}"
	ProjectSection(SolutionItems) = preProject
		terraform\main.tf = terraform\main.tf
		terraform\variables.tf = terraform\variables.tf
	EndProjectSection
EndProject
Project("{2150E333-8FDC-42A3-9474-1A3956D46DE8}") = "github-workflows", "github-workflows", "{055012B9-BE42-4B00-818D-7A9D5B9F6553}"
	ProjectSection(SolutionItems) = preProject
		.github\workflows\breadapp-dev-function-sendmail.yml = .github\workflows\breadapp-dev-function-sendmail.yml
	EndProjectSection
EndProject
Global
	GlobalSection(SolutionConfigurationPlatforms) = preSolution
		Debug|Any CPU = Debug|Any CPU
		Release|Any CPU = Release|Any CPU
	EndGlobalSection
	GlobalSection(ProjectConfigurationPlatforms) = postSolution
		{E3989B86-7DA6-4349-AE02-DB489F2DF387}.Debug|Any CPU.ActiveCfg = Debug|Any CPU
		{E3989B86-7DA6-4349-AE02-DB489F2DF387}.Debug|Any CPU.Build.0 = Debug|Any CPU
		{E3989B86-7DA6-4349-AE02-DB489F2DF387}.Release|Any CPU.ActiveCfg = Release|Any CPU
		{E3989B86-7DA6-4349-AE02-DB489F2DF387}.Release|Any CPU.Build.0 = Release|Any CPU
		{454D9BE9-2F34-4269-B80E-FD275AB28566}.Debug|Any CPU.ActiveCfg = Debug|Any CPU
		{454D9BE9-2F34-4269-B80E-FD275AB28566}.Debug|Any CPU.Build.0 = Debug|Any CPU
		{454D9BE9-2F34-4269-B80E-FD275AB28566}.Release|Any CPU.ActiveCfg = Release|Any CPU
		{454D9BE9-2F34-4269-B80E-FD275AB28566}.Release|Any CPU.Build.0 = Release|Any CPU
		{8F3E067C-C13D-447E-8FD4-F515C90A8D31}.Debug|Any CPU.ActiveCfg = Debug|Any CPU
		{8F3E067C-C13D-447E-8FD4-F515C90A8D31}.Debug|Any CPU.Build.0 = Debug|Any CPU
		{8F3E067C-C13D-447E-8FD4-F515C90A8D31}.Release|Any CPU.ActiveCfg = Release|Any CPU
		{8F3E067C-C13D-447E-8FD4-F515C90A8D31}.Release|Any CPU.Build.0 = Release|Any CPU
		{63771181-C408-4832-A888-D8CEA9933F4D}.Debug|Any CPU.ActiveCfg = Debug|Any CPU
		{63771181-C408-4832-A888-D8CEA9933F4D}.Debug|Any CPU.Build.0 = Debug|Any CPU
		{63771181-C408-4832-A888-D8CEA9933F4D}.Release|Any CPU.ActiveCfg = Release|Any CPU
		{63771181-C408-4832-A888-D8CEA9933F4D}.Release|Any CPU.Build.0 = Release|Any CPU
		{E62BBF1D-568C-46E1-82E4-C98E4EE70F56}.Debug|Any CPU.ActiveCfg = Debug|Any CPU
		{E62BBF1D-568C-46E1-82E4-C98E4EE70F56}.Debug|Any CPU.Build.0 = Debug|Any CPU
		{E62BBF1D-568C-46E1-82E4-C98E4EE70F56}.Release|Any CPU.ActiveCfg = Release|Any CPU
		{E62BBF1D-568C-46E1-82E4-C98E4EE70F56}.Release|Any CPU.Build.0 = Release|Any CPU
		{709D348A-9D12-4F04-848F-5E68F6ECBC70}.Debug|Any CPU.ActiveCfg = Debug|Any CPU
		{709D348A-9D12-4F04-848F-5E68F6ECBC70}.Debug|Any CPU.Build.0 = Debug|Any CPU
		{709D348A-9D12-4F04-848F-5E68F6ECBC70}.Release|Any CPU.ActiveCfg = Release|Any CPU
		{709D348A-9D12-4F04-848F-5E68F6ECBC70}.Release|Any CPU.Build.0 = Release|Any CPU
		{D9CC7277-8826-4D4F-A20F-37E76687608F}.Debug|Any CPU.ActiveCfg = Debug|Any CPU
		{D9CC7277-8826-4D4F-A20F-37E76687608F}.Debug|Any CPU.Build.0 = Debug|Any CPU
		{D9CC7277-8826-4D4F-A20F-37E76687608F}.Release|Any CPU.ActiveCfg = Release|Any CPU
		{D9CC7277-8826-4D4F-A20F-37E76687608F}.Release|Any CPU.Build.0 = Release|Any CPU
		{FB24540E-9A26-44C6-BCA3-8873D32B1D75}.Debug|Any CPU.ActiveCfg = Debug|Any CPU
		{FB24540E-9A26-44C6-BCA3-8873D32B1D75}.Debug|Any CPU.Build.0 = Debug|Any CPU
		{FB24540E-9A26-44C6-BCA3-8873D32B1D75}.Release|Any CPU.ActiveCfg = Release|Any CPU
		{FB24540E-9A26-44C6-BCA3-8873D32B1D75}.Release|Any CPU.Build.0 = Release|Any CPU
		{7A2CF034-F894-40D7-80DB-E51E60958623}.Debug|Any CPU.ActiveCfg = Debug|Any CPU
		{7A2CF034-F894-40D7-80DB-E51E60958623}.Debug|Any CPU.Build.0 = Debug|Any CPU
		{7A2CF034-F894-40D7-80DB-E51E60958623}.Release|Any CPU.ActiveCfg = Release|Any CPU
		{7A2CF034-F894-40D7-80DB-E51E60958623}.Release|Any CPU.Build.0 = Release|Any CPU
		{E3B905E3-976D-49A4-9D5A-029CB54855E2}.Debug|Any CPU.ActiveCfg = Debug|Any CPU
		{E3B905E3-976D-49A4-9D5A-029CB54855E2}.Debug|Any CPU.Build.0 = Debug|Any CPU
		{E3B905E3-976D-49A4-9D5A-029CB54855E2}.Release|Any CPU.ActiveCfg = Release|Any CPU
		{E3B905E3-976D-49A4-9D5A-029CB54855E2}.Release|Any CPU.Build.0 = Release|Any CPU
	EndGlobalSection
	GlobalSection(SolutionProperties) = preSolution
		HideSolutionNode = FALSE
	EndGlobalSection
	GlobalSection(NestedProjects) = preSolution
		{E3989B86-7DA6-4349-AE02-DB489F2DF387} = {FE8E4848-826E-4FB1-AEB3-B786A85AE21D}
		{454D9BE9-2F34-4269-B80E-FD275AB28566} = {FE8E4848-826E-4FB1-AEB3-B786A85AE21D}
		{8F3E067C-C13D-447E-8FD4-F515C90A8D31} = {FE8E4848-826E-4FB1-AEB3-B786A85AE21D}
		{63771181-C408-4832-A888-D8CEA9933F4D} = {BD171CBE-C465-4F57-B6B1-8636B6A78E35}
		{E62BBF1D-568C-46E1-82E4-C98E4EE70F56} = {BD171CBE-C465-4F57-B6B1-8636B6A78E35}
		{11A5E280-B07B-4675-A1EB-E91590D0565E} = {BD171CBE-C465-4F57-B6B1-8636B6A78E35}
		{B2D422DB-5AFB-43DC-82E3-B134EC9EEB71} = {F8AAD861-F44E-4D4A-B884-A5CC19E24CAD}
		{E8186002-81A6-4183-A9C4-E9BDDCB5DAB6} = {F8AAD861-F44E-4D4A-B884-A5CC19E24CAD}
		{709D348A-9D12-4F04-848F-5E68F6ECBC70} = {B2D422DB-5AFB-43DC-82E3-B134EC9EEB71}
		{D9CC7277-8826-4D4F-A20F-37E76687608F} = {B2D422DB-5AFB-43DC-82E3-B134EC9EEB71}
		{FB24540E-9A26-44C6-BCA3-8873D32B1D75} = {B2D422DB-5AFB-43DC-82E3-B134EC9EEB71}
		{7A2CF034-F894-40D7-80DB-E51E60958623} = {BD171CBE-C465-4F57-B6B1-8636B6A78E35}
		{E3B905E3-976D-49A4-9D5A-029CB54855E2} = {B2D422DB-5AFB-43DC-82E3-B134EC9EEB71}
		{C43F7BA5-15F8-4918-B9C6-689EDDD65A01} = {317FAAD9-F8C6-4B7D-B1A8-803D8C6114C1}
		{055012B9-BE42-4B00-818D-7A9D5B9F6553} = {317FAAD9-F8C6-4B7D-B1A8-803D8C6114C1}
	EndGlobalSection
	GlobalSection(ExtensibilityGlobals) = postSolution
		SolutionGuid = {AE8E5A0D-A0CF-40FB-8655-1699F0105B6F}
	EndGlobalSection
EndGlobal
