
Microsoft Visual Studio Solution File, Format Version 12.00
# Visual Studio Version 17
VisualStudioVersion = 17.2.32505.173
MinimumVisualStudioVersion = 10.0.40219.1
Project("{2150E333-8FDC-42A3-9474-1A3956D46DE8}") = "2.Libs", "2.Libs", "{FE8E4848-826E-4FB1-AEB3-B786A85AE21D}"
EndProject
Project("{9A19103F-16F7-4668-BE54-9A1E7A4F7556}") = "BreadApp.Application", "lib\BreadApp.Application\BreadApp.Application.csproj", "{E3989B86-7DA6-4349-AE02-DB489F2DF387}"
EndProject
Project("{9A19103F-16F7-4668-BE54-9A1E7A4F7556}") = "BreadApp.Domain", "lib\BreadApp.Domain\BreadApp.Domain.csproj", "{454D9BE9-2F34-4269-B80E-FD275AB28566}"
EndProject
Project("{9A19103F-16F7-4668-BE54-9A1E7A4F7556}") = "BreadApp.Infrastructure", "lib\BreadApp.Infrastructure\BreadApp.Infrastructure.csproj", "{8F3E067C-C13D-447E-8FD4-F515C90A8D31}"
EndProject
Project("{2150E333-8FDC-42A3-9474-1A3956D46DE8}") = "0.Solution Items", "0.Solution Items", "{317FAAD9-F8C6-4B7D-B1A8-803D8C6114C1}"
	ProjectSection(SolutionItems) = preProject
		..\README.md = ..\README.md
	EndProjectSection
EndProject
Project("{2150E333-8FDC-42A3-9474-1A3956D46DE8}") = "1.Tests", "1.Tests", "{BD171CBE-C465-4F57-B6B1-8636B6A78E35}"
EndProject
Project("{9A19103F-16F7-4668-BE54-9A1E7A4F7556}") = "DomainTests", "tests\DomainTests\DomainTests.csproj", "{63771181-C408-4832-A888-D8CEA9933F4D}"
EndProject
Project("{9A19103F-16F7-4668-BE54-9A1E7A4F7556}") = "ArchitecturalTests", "tests\ArchitecturalTests\ArchitecturalTests.csproj", "{E62BBF1D-568C-46E1-82E4-C98E4EE70F56}"
EndProject
Project("{2150E333-8FDC-42A3-9474-1A3956D46DE8}") = "3.Applications", "3.Applications", "{F8AAD861-F44E-4D4A-B884-A5CC19E24CAD}"
EndProject
Project("{2150E333-8FDC-42A3-9474-1A3956D46DE8}") = "Postman", "Postman", "{11A5E280-B07B-4675-A1EB-E91590D0565E}"
	ProjectSection(SolutionItems) = preProject
		tests\Postman\BreadApp.postman_collection.json = tests\Postman\BreadApp.postman_collection.json
	EndProjectSection
EndProject
Project("{2150E333-8FDC-42A3-9474-1A3956D46DE8}") = "Backend", "Backend", "{B2D422DB-5AFB-43DC-82E3-B134EC9EEB71}"
EndProject
Project("{2150E333-8FDC-42A3-9474-1A3956D46DE8}") = "Frontend", "Frontend", "{E8186002-81A6-4183-A9C4-E9BDDCB5DAB6}"
EndProject
Project("{9A19103F-16F7-4668-BE54-9A1E7A4F7556}") = "BreadApp.Api-MinimalStyle", "backend\api-minimal\BreadApp.Api-MinimalStyle.csproj", "{13102488-5D90-4E9D-9D18-077E8365F4AA}"
EndProject
Project("{FAE04EC0-301F-11D3-BF4B-00C04F79EFBC}") = "BreadApp.Api", "BreadApp.Api\BreadApp.Api.csproj", "{1C1DE359-90BD-44D7-BEC5-D14CD14D27F8}"
EndProject
Project("{FAE04EC0-301F-11D3-BF4B-00C04F79EFBC}") = "BreadApp.Api.Contracts", "BreadApp.Api.Contracts\BreadApp.Api.Contracts.csproj", "{F2B26E36-83B7-48AE-9E2F-301DDEED08A3}"
EndProject
Global
	GlobalSection(SolutionConfigurationPlatforms) = preSolution
		Debug|Any CPU = Debug|Any CPU
		Release|Any CPU = Release|Any CPU
	EndGlobalSection
	GlobalSection(ProjectConfigurationPlatforms) = postSolution
		{E3989B86-7DA6-4349-AE02-DB489F2DF387}.Debug|Any CPU.ActiveCfg = Debug|Any CPU
		{E3989B86-7DA6-4349-AE02-DB489F2DF387}.Debug|Any CPU.Build.0 = Debug|Any CPU
		{E3989B86-7DA6-4349-AE02-DB489F2DF387}.Release|Any CPU.ActiveCfg = Release|Any CPU
		{E3989B86-7DA6-4349-AE02-DB489F2DF387}.Release|Any CPU.Build.0 = Release|Any CPU
		{454D9BE9-2F34-4269-B80E-FD275AB28566}.Debug|Any CPU.ActiveCfg = Debug|Any CPU
		{454D9BE9-2F34-4269-B80E-FD275AB28566}.Debug|Any CPU.Build.0 = Debug|Any CPU
		{454D9BE9-2F34-4269-B80E-FD275AB28566}.Release|Any CPU.ActiveCfg = Release|Any CPU
		{454D9BE9-2F34-4269-B80E-FD275AB28566}.Release|Any CPU.Build.0 = Release|Any CPU
		{8F3E067C-C13D-447E-8FD4-F515C90A8D31}.Debug|Any CPU.ActiveCfg = Debug|Any CPU
		{8F3E067C-C13D-447E-8FD4-F515C90A8D31}.Debug|Any CPU.Build.0 = Debug|Any CPU
		{8F3E067C-C13D-447E-8FD4-F515C90A8D31}.Release|Any CPU.ActiveCfg = Release|Any CPU
		{8F3E067C-C13D-447E-8FD4-F515C90A8D31}.Release|Any CPU.Build.0 = Release|Any CPU
		{63771181-C408-4832-A888-D8CEA9933F4D}.Debug|Any CPU.ActiveCfg = Debug|Any CPU
		{63771181-C408-4832-A888-D8CEA9933F4D}.Debug|Any CPU.Build.0 = Debug|Any CPU
		{63771181-C408-4832-A888-D8CEA9933F4D}.Release|Any CPU.ActiveCfg = Release|Any CPU
		{63771181-C408-4832-A888-D8CEA9933F4D}.Release|Any CPU.Build.0 = Release|Any CPU
		{E62BBF1D-568C-46E1-82E4-C98E4EE70F56}.Debug|Any CPU.ActiveCfg = Debug|Any CPU
		{E62BBF1D-568C-46E1-82E4-C98E4EE70F56}.Debug|Any CPU.Build.0 = Debug|Any CPU
		{E62BBF1D-568C-46E1-82E4-C98E4EE70F56}.Release|Any CPU.ActiveCfg = Release|Any CPU
		{E62BBF1D-568C-46E1-82E4-C98E4EE70F56}.Release|Any CPU.Build.0 = Release|Any CPU
		{13102488-5D90-4E9D-9D18-077E8365F4AA}.Debug|Any CPU.ActiveCfg = Debug|Any CPU
		{13102488-5D90-4E9D-9D18-077E8365F4AA}.Debug|Any CPU.Build.0 = Debug|Any CPU
		{13102488-5D90-4E9D-9D18-077E8365F4AA}.Release|Any CPU.ActiveCfg = Release|Any CPU
		{13102488-5D90-4E9D-9D18-077E8365F4AA}.Release|Any CPU.Build.0 = Release|Any CPU
		{1C1DE359-90BD-44D7-BEC5-D14CD14D27F8}.Debug|Any CPU.ActiveCfg = Debug|Any CPU
		{1C1DE359-90BD-44D7-BEC5-D14CD14D27F8}.Debug|Any CPU.Build.0 = Debug|Any CPU
		{1C1DE359-90BD-44D7-BEC5-D14CD14D27F8}.Release|Any CPU.ActiveCfg = Release|Any CPU
		{1C1DE359-90BD-44D7-BEC5-D14CD14D27F8}.Release|Any CPU.Build.0 = Release|Any CPU
		{F2B26E36-83B7-48AE-9E2F-301DDEED08A3}.Debug|Any CPU.ActiveCfg = Debug|Any CPU
		{F2B26E36-83B7-48AE-9E2F-301DDEED08A3}.Debug|Any CPU.Build.0 = Debug|Any CPU
		{F2B26E36-83B7-48AE-9E2F-301DDEED08A3}.Release|Any CPU.ActiveCfg = Release|Any CPU
		{F2B26E36-83B7-48AE-9E2F-301DDEED08A3}.Release|Any CPU.Build.0 = Release|Any CPU
	EndGlobalSection
	GlobalSection(SolutionProperties) = preSolution
		HideSolutionNode = FALSE
	EndGlobalSection
	GlobalSection(NestedProjects) = preSolution
		{E3989B86-7DA6-4349-AE02-DB489F2DF387} = {FE8E4848-826E-4FB1-AEB3-B786A85AE21D}
		{454D9BE9-2F34-4269-B80E-FD275AB28566} = {FE8E4848-826E-4FB1-AEB3-B786A85AE21D}
		{8F3E067C-C13D-447E-8FD4-F515C90A8D31} = {FE8E4848-826E-4FB1-AEB3-B786A85AE21D}
		{63771181-C408-4832-A888-D8CEA9933F4D} = {BD171CBE-C465-4F57-B6B1-8636B6A78E35}
		{E62BBF1D-568C-46E1-82E4-C98E4EE70F56} = {BD171CBE-C465-4F57-B6B1-8636B6A78E35}
		{11A5E280-B07B-4675-A1EB-E91590D0565E} = {BD171CBE-C465-4F57-B6B1-8636B6A78E35}
		{B2D422DB-5AFB-43DC-82E3-B134EC9EEB71} = {F8AAD861-F44E-4D4A-B884-A5CC19E24CAD}
		{E8186002-81A6-4183-A9C4-E9BDDCB5DAB6} = {F8AAD861-F44E-4D4A-B884-A5CC19E24CAD}
		{13102488-5D90-4E9D-9D18-077E8365F4AA} = {B2D422DB-5AFB-43DC-82E3-B134EC9EEB71}
		{1C1DE359-90BD-44D7-BEC5-D14CD14D27F8} = {B2D422DB-5AFB-43DC-82E3-B134EC9EEB71}
		{F2B26E36-83B7-48AE-9E2F-301DDEED08A3} = {B2D422DB-5AFB-43DC-82E3-B134EC9EEB71}
	EndGlobalSection
	GlobalSection(ExtensibilityGlobals) = postSolution
		SolutionGuid = {AE8E5A0D-A0CF-40FB-8655-1699F0105B6F}
	EndGlobalSection
EndGlobal
